
Microsoft Visual Studio Solution File, Format Version 12.00
# Visual Studio Version 16
VisualStudioVersion = 16.0.28917.182
MinimumVisualStudioVersion = 10.0.40219.1
Project("{FAE04EC0-301F-11D3-BF4B-00C04F79EFBC}") = "eNotas.ExtrairDados", "eNotas.ExtrairDados\eNotas.ExtrairDados.csproj", "{75BF9927-7204-46FD-A930-E936DED2A0B8}"
EndProject
Global
	GlobalSection(SolutionConfigurationPlatforms) = preSolution
		Debug|Any CPU = Debug|Any CPU
		Release|Any CPU = Release|Any CPU
	EndGlobalSection
	GlobalSection(ProjectConfigurationPlatforms) = postSolution
		{75BF9927-7204-46FD-A930-E936DED2A0B8}.Debug|Any CPU.ActiveCfg = Debug|Any CPU
		{75BF9927-7204-46FD-A930-E936DED2A0B8}.Debug|Any CPU.Build.0 = Debug|Any CPU
		{75BF9927-7204-46FD-A930-E936DED2A0B8}.Release|Any CPU.ActiveCfg = Release|Any CPU
		{75BF9927-7204-46FD-A930-E936DED2A0B8}.Release|Any CPU.Build.0 = Release|Any CPU
	EndGlobalSection
	GlobalSection(SolutionProperties) = preSolution
		HideSolutionNode = FALSE
	EndGlobalSection
	GlobalSection(ExtensibilityGlobals) = postSolution
		SolutionGuid = {59302356-025A-478D-9846-E4C6CB07CCA4}
	EndGlobalSection
EndGlobal
